{
    "_readme": [
        "This file locks the dependencies of your project to a known state",
        "Read more about it at https://getcomposer.org/doc/01-basic-usage.md#composer-lock-the-lock-file",
        "This file is @generated automatically"
    ],
    "content-hash": "306bc88d6b2546858a07244028b156a2",
    "packages": [
        {
            "name": "shyim/shopware-migration",
            "version": "0.1.0",
            "source": {
                "type": "git",
                "url": "https://github.com/shyim/ShyimMigration.git",
                "reference": "00b75ba7ce0d1e28b9e0bb6a25c11e6613d5204e"
            },
            "dist": {
                "type": "zip",
                "url": "https://api.github.com/repos/shyim/ShyimMigration/zipball/00b75ba7ce0d1e28b9e0bb6a25c11e6613d5204e",
                "reference": "00b75ba7ce0d1e28b9e0bb6a25c11e6613d5204e",
                "shasum": ""
            },
            "type": "library",
            "autoload": {
                "psr-0": {
                    "ShyimMigration": "src"
                }
            },
            "notification-url": "https://packagist.org/downloads/",
            "license": [
                "MIT"
            ],
            "description": "Provides easy to use plugin migrations",
            "homepage": "https://github.com/shyim/ShyimMigration",
            "keywords": [
                "migrations",
                "plugins",
                "shopware"
            ],
            "time": "2017-10-24T18:21:31+00:00"
        }
    ],
    "packages-dev": [],
    "aliases": [],
    "minimum-stability": "stable",
    "stability-flags": [],
    "prefer-stable": false,
    "prefer-lowest": false,
    "platform": [],
    "platform-dev": []
}
